PODS:
  - device_info_plus_macos (0.0.1):
    - FlutterMacOS
  - flutter_web_auth (0.3.0):
    - FlutterMacOS
  - FlutterMacOS (1.0.0)
  - native_pdf_renderer (1.1.0):
    - FlutterMacOS
  - package_info_plus_macos (0.0.1):
    - FlutterMacOS
  - path_provider_macos (0.0.1):
    - FlutterMacOS
  - shared_preferences_macos (0.0.1):
    - FlutterMacOS
  - url_launcher_macos (0.0.1):
    - FlutterMacOS

DEPENDENCIES:
  - device_info_plus_macos (from `Flutter/ephemeral/.symlinks/plugins/device_info_plus_macos/macos`)
  - flutter_web_auth (from `Flutter/ephemeral/.symlinks/plugins/flutter_web_auth/macos`)
  - FlutterMacOS (from `Flutter/ephemeral`)
  - native_pdf_renderer (from `Flutter/ephemeral/.symlinks/plugins/native_pdf_renderer/macos`)
  - package_info_plus_macos (from `Flutter/ephemeral/.symlinks/plugins/package_info_plus_macos/macos`)
  - path_provider_macos (from `Flutter/ephemeral/.symlinks/plugins/path_provider_macos/macos`)
  - shared_preferences_macos (from `Flutter/ephemeral/.symlinks/plugins/shared_preferences_macos/macos`)
  - url_launcher_macos (from `Flutter/ephemeral/.symlinks/plugins/url_launcher_macos/macos`)

EXTERNAL SOURCES:
  device_info_plus_macos:
    :path: Flutter/ephemeral/.symlinks/plugins/device_info_plus_macos/macos
  flutter_web_auth:
    :path: Flutter/ephemeral/.symlinks/plugins/flutter_web_auth/macos
  FlutterMacOS:
    :path: Flutter/ephemeral
  native_pdf_renderer:
    :path: Flutter/ephemeral/.symlinks/plugins/native_pdf_renderer/macos
  package_info_plus_macos:
    :path: Flutter/ephemeral/.symlinks/plugins/package_info_plus_macos/macos
  path_provider_macos:
    :path: Flutter/ephemeral/.symlinks/plugins/path_provider_macos/macos
  shared_preferences_macos:
    :path: Flutter/ephemeral/.symlinks/plugins/shared_preferences_macos/macos
  url_launcher_macos:
    :path: Flutter/ephemeral/.symlinks/plugins/url_launcher_macos/macos

SPEC CHECKSUMS:
  device_info_plus_macos: 1ad388a1ef433505c4038e7dd9605aadd1e2e9c7
  flutter_web_auth: 9313580ed4eda5bfc281171cab902253aa1712da
  FlutterMacOS: 57701585bf7de1b3fc2bb61f6378d73bbdea8424
  native_pdf_renderer: c6423a3d7c31b60f5b647fb0f901b25e7b6854a6
  package_info_plus_macos: 0337c8ab321e8fc54d1e57cea8f5d79eef3f40fb
  path_provider_macos: 29b4038018dbbcf180ebb4e6fb1d0a405d282a2e
  shared_preferences_macos: c1b23fec72a537b6c2a4954fad98ae40c1c05c10
  url_launcher_macos: 45af3d61de06997666568a7149c1be98b41c95d4

PODFILE CHECKSUM: 086a133fa7149895148dfc1f080138c34e40ddbf

COCOAPODS: 1.10.1
